hash: e79d2927d6437eef78ebc9dcaf076dd63208cb9ab3def5d7bbc6ea2bad718c78
updated: 2017-07-06T10:19:52.99220665+08:00
imports:
- name: github.com/c4pt0r/cfg
  version: 429e6985f0b07bceaa33b57ee612fbca4797a9a6
- name: github.com/coreos/etcd
  version: 1408b337b67d4cb8355b3666b7eb8aaefbbfc167
  subpackages:
  - error
- name: github.com/coreos/go-etcd
  version: 003851be7bb0694fe3cc457a49529a19388ee7cf
  subpackages:
  - etcd
- name: github.com/fatih/color
  version: 62e9147c64a1ed519147b62a56a14e83e2be02c1
- name: github.com/mattn/go-colorable
  version: 5411d3eea5978e6cdc258b30de592b60df6aba96
  repo: https://github.com/mattn/go-colorable
- name: github.com/mattn/go-isatty
  version: 57fdcb988a5c543893cc61bce354a6e24ab70022
  repo: https://github.com/mattn/go-isatty
- name: github.com/ngaut/log
  version: d2af3a61f64d093457fb23b25d20f4ce3cd551ce
- name: github.com/ngaut/logging
  version: f98f5f4cd523647678af6f1726c5b5a14c9193d0
- name: github.com/ngaut/pools
  version: 6352e005618615ffaf1cb1c6622b8e91435751fe
- name: github.com/ngaut/sync2
  version: 7a24ed77b2efb460c1468b7dc917821c66e80e55
- name: github.com/ugorji/go
  version: ded73eae5db7e7a0ef6f55aace87a2873c5d2b74
  subpackages:
  - codec
- name: github.com/wfxiang08/cyutils
  version: dfb8bc2b5402cb534e3f53cbd9fc3897820f7b07
  subpackages:
  - utils
  - utils/atomic2
  - utils/errors
  - utils/rolling_log
  - utils/trace
- name: github.com/wfxiang08/go-zookeeper
  version: 184aa014b12119755d0eea6ffad2756ca6f73614
  subpackages:
  - zk
- name: github.com/wfxiang08/go_thrift
  version: a20c9e7b36a5ce2ff784c397d0e9b85b55b496c7
  subpackages:
  - thrift
- name: github.com/wfxiang08/thrift_rpc_base
  version: d0067c3d8839934b19b114d9ced535d6506577ce
  subpackages:
  - rpc_thrift/services
  - rpc_utils
  - zkhelper
- name: golang.org/x/sys
  version: e24f485414aeafb646f6fca458b0bf869c0880a1
  repo: https://go.googlesource.com/sys
  subpackages:
  - unix
testImports:
- name: github.com/davecgh/go-spew
  version: 04cdfd42973bb9c8589fd6a731800cf222fde1a9
  subpackages:
  - spew
- name: github.com/pmezard/go-difflib
  version: d8ed2627bdf02c080bf22230dbb337003b7aba2d
  subpackages:
  - difflib
- name: github.com/stretchr/testify
  version: f6abca593680b2315d2075e0f5e2a9751e3f431a
  subpackages:
  - assert
